
Microsoft Visual Studio Solution File, Format Version 12.00
# Visual Studio Version 18
VisualStudioVersion = 18.0.00000.0
MinimumVisualStudioVersion = 10.0.40219.1
Project("{9A19103F-16F7-4668-BE54-9A1E7A4F7556}") = "WeatherApp.Api", "src\WeatherApp.Api\WeatherApp.Api.csproj", "{1B3F1A2C-6D4E-4A21-9C3D-0E5A7B8C9D01}"
EndProject
Project("{9A19103F-16F7-4668-BE54-9A1E7A4F7556}") = "WeatherApp.Api.Tests", "tests\WeatherApp.Api.Tests\WeatherApp.Api.Tests.csproj", "{2C4E2B3D-7E5F-4B32-8D4E-1F6B8C9D0E12}"
EndProject
Global
	GlobalSection(SolutionConfigurationPlatforms) = preSolution
		Debug|Any CPU = Debug|Any CPU
		Release|Any CPU = Release|Any CPU
	EndGlobalSection
	GlobalSection(ProjectConfigurationPlatforms) = postSolution
		{1B3F1A2C-6D4E-4A21-9C3D-0E5A7B8C9D01}.Debug|Any CPU.ActiveCfg = Debug|Any CPU
		{1B3F1A2C-6D4E-4A21-9C3D-0E5A7B8C9D01}.Debug|Any CPU.Build.0 = Debug|Any CPU
		{1B3F1A2C-6D4E-4A21-9C3D-0E5A7B8C9D01}.Release|Any CPU.ActiveCfg = Release|Any CPU
		{1B3F1A2C-6D4E-4A21-9C3D-0E5A7B8C9D01}.Release|Any CPU.Build.0 = Release|Any CPU
		{2C4E2B3D-7E5F-4B32-8D4E-1F6B8C9D0E12}.Debug|Any CPU.ActiveCfg = Debug|Any CPU
		{2C4E2B3D-7E5F-4B32-8D4E-1F6B8C9D0E12}.Debug|Any CPU.Build.0 = Debug|Any CPU
		{2C4E2B3D-7E5F-4B32-8D4E-1F6B8C9D0E12}.Release|Any CPU.ActiveCfg = Release|Any CPU
		{2C4E2B3D-7E5F-4B32-8D4E-1F6B8C9D0E12}.Release|Any CPU.Build.0 = Release|Any CPU
	EndGlobalSection
	GlobalSection(SolutionProperties) = preSolution
		HideSolutionNode = FALSE
	EndGlobalSection
EndGlobal
